<?xml version="1.0" encoding="utf-8"?>
<Project ToolsVersion="4.0" xmlns="http://schemas.microsoft.com/developer/msbuild/2003">
  <ItemGroup>
    <Filter Include="C/C++ Sources">
      <UniqueIdentifier>{30a042ec-6eea-46ce-86e1-270893d9a490}</UniqueIdentifier>
      <Extensions>.c;.cpp</Extensions>
    </Filter>
    <Filter Include="C/C++ Sources\mp3_dec_c">
      <UniqueIdentifier>{597555c6-e82b-447d-a0f3-104c5615842f}</UniqueIdentifier>
    </Filter>
    <Filter Include="ASM Sources">
      <UniqueIdentifier>{84462a2f-8514-4b27-9891-8ad8c2f55321}</UniqueIdentifier>
      <Extensions>.asm</Extensions>
    </Filter>
    <Filter Include="Headers">
      <UniqueIdentifier>{6cca48ca-5d62-4fa2-b2e1-5a9ffc507d12}</UniqueIdentifier>
      <Extensions>.h</Extensions>
    </Filter>
    <Filter Include="Headers\mp3_dec_h">
      <UniqueIdentifier>{40e7ec2d-148d-4fee-a50c-498cf78bfc93}</UniqueIdentifier>
    </Filter>
    <Filter Include="resources">
      <UniqueIdentifier>{405f8d5b-7e1f-4d4a-b36f-cbb4393bf862}</UniqueIdentifier>
    </Filter>
    <Filter Include="resources\icon">
      <UniqueIdentifier>{0d49e11c-2128-4805-9ae8-f22b3a76da3d}</UniqueIdentifier>
    </Filter>
    <Filter Include="resources\bitmap">
      <UniqueIdentifier>{9df59e79-9bc5-4a01-aa8a-b9d796cb6a5b}</UniqueIdentifier>
    </Filter>
    <Filter Include="DisplayHacks">
      <UniqueIdentifier>{2b729b77-c375-488a-aadf-c4bebd3eaa3b}</UniqueIdentifier>
    </Filter>
    <Filter Include="LibLua">
      <UniqueIdentifier>{50462c4b-faf5-4918-b0db-160d56d3e4bb}</UniqueIdentifier>
    </Filter>
  </ItemGroup>
  <ItemGroup>
    <ClCompile Include="src\7zip.cpp">
      <Filter>C/C++ Sources</Filter>
    </ClCompile>
    <ClCompile Include="src\base64.c">
      <Filter>C/C++ Sources</Filter>
    </ClCompile>
    <ClCompile Include="src\cblit.cpp">
      <Filter>C/C++ Sources</Filter>
    </ClCompile>
    <ClCompile Include="src\CCnet.c">
      <Filter>C/C++ Sources</Filter>
    </ClCompile>
    <ClCompile Include="src\cd_aspi.cpp">
      <Filter>C/C++ Sources</Filter>
    </ClCompile>
    <ClCompile Include="src\cd_file.c">
      <Filter>C/C++ Sources</Filter>
    </ClCompile>
    <ClCompile Include="src\cd_sys.c">
      <Filter>C/C++ Sources</Filter>
    </ClCompile>
    <ClCompile Include="src\cdda_mp3.cpp">
      <Filter>C/C++ Sources</Filter>
    </ClCompile>
    <ClCompile Include="src\corehooks.cpp">
      <Filter>C/C++ Sources</Filter>
    </ClCompile>
    <ClCompile Include="src\Cpu_68k.c">
      <Filter>C/C++ Sources</Filter>
    </ClCompile>
    <ClCompile Include="src\Cpu_SH2.c">
      <Filter>C/C++ Sources</Filter>
    </ClCompile>
    <ClCompile Include="src\Cpu_Z80.c">
      <Filter>C/C++ Sources</Filter>
    </ClCompile>
    <ClCompile Include="src\Debug.cpp">
      <Filter>C/C++ Sources</Filter>
    </ClCompile>
    <ClCompile Include="src\drawutil.cpp">
      <Filter>C/C++ Sources</Filter>
    </ClCompile>
    <ClCompile Include="src\G_ddraw.cpp">
      <Filter>C/C++ Sources</Filter>
    </ClCompile>
    <ClCompile Include="src\G_dinput.cpp">
      <Filter>C/C++ Sources</Filter>
    </ClCompile>
    <ClCompile Include="src\G_dsound.cpp">
      <Filter>C/C++ Sources</Filter>
    </ClCompile>
    <ClCompile Include="src\G_main.cpp">
      <Filter>C/C++ Sources</Filter>
    </ClCompile>
    <ClCompile Include="src\Gens.cpp">
      <Filter>C/C++ Sources</Filter>
    </ClCompile>
    <ClCompile Include="src\ggenie.cpp">
      <Filter>C/C++ Sources</Filter>
    </ClCompile>
    <ClCompile Include="src\gm2_structs.cpp">
      <Filter>C/C++ Sources</Filter>
    </ClCompile>
    <ClCompile Include="src\guidraw.cpp">
      <Filter>C/C++ Sources</Filter>
    </ClCompile>
    <ClCompile Include="src\LC89510.c">
      <Filter>C/C++ Sources</Filter>
    </ClCompile>
    <ClCompile Include="src\luascript.cpp">
      <Filter>C/C++ Sources</Filter>
    </ClCompile>
    <ClCompile Include="src\luascript_window.cpp">
      <Filter>C/C++ Sources</Filter>
    </ClCompile>
    <ClCompile Include="src\M68KD.c">
      <Filter>C/C++ Sources</Filter>
    </ClCompile>
    <ClCompile Include="src\movie.cpp">
      <Filter>C/C++ Sources</Filter>
    </ClCompile>
    <ClCompile Include="src\net.cpp">
      <Filter>C/C++ Sources</Filter>
    </ClCompile>
    <ClCompile Include="src\OpenArchive.cpp">
      <Filter>C/C++ Sources</Filter>
    </ClCompile>
    <ClCompile Include="src\ParseCmdLine.cpp">
      <Filter>C/C++ Sources</Filter>
    </ClCompile>
    <ClCompile Include="src\pcm.c">
      <Filter>C/C++ Sources</Filter>
    </ClCompile>
    <ClCompile Include="src\psg.c">
      <Filter>C/C++ Sources</Filter>
    </ClCompile>
    <ClCompile Include="src\pwm.c">
      <Filter>C/C++ Sources</Filter>
    </ClCompile>
    <ClCompile Include="src\ram_search.cpp">
      <Filter>C/C++ Sources</Filter>
    </ClCompile>
    <ClCompile Include="src\ramwatch.cpp">
      <Filter>C/C++ Sources</Filter>
    </ClCompile>
    <ClCompile Include="src\Rom.cpp">
      <Filter>C/C++ Sources</Filter>
    </ClCompile>
    <ClCompile Include="src\save.cpp">
      <Filter>C/C++ Sources</Filter>
    </ClCompile>
    <ClCompile Include="src\scrshot.cpp">
      <Filter>C/C++ Sources</Filter>
    </ClCompile>
    <ClCompile Include="src\SH2.c">
      <Filter>C/C++ Sources</Filter>
    </ClCompile>
    <ClCompile Include="src\SH2D.c">
      <Filter>C/C++ Sources</Filter>
    </ClCompile>
    <ClCompile Include="src\tracer.cpp">
      <Filter>C/C++ Sources</Filter>
    </ClCompile>
    <ClCompile Include="src\tracer_cd.cpp">
      <Filter>C/C++ Sources</Filter>
    </ClCompile>
    <ClCompile Include="src\unzip.c">
      <Filter>C/C++ Sources</Filter>
    </ClCompile>
    <ClCompile Include="src\wave.c">
      <Filter>C/C++ Sources</Filter>
    </ClCompile>
    <ClCompile Include="src\ym2612.c">
      <Filter>C/C++ Sources</Filter>
    </ClCompile>
    <ClCompile Include="src\z80dis.c">
      <Filter>C/C++ Sources</Filter>
    </ClCompile>
    <ClCompile Include="src\EccoBoxHack.cpp">
      <Filter>DisplayHacks</Filter>
    </ClCompile>
    <ClCompile Include="src\HacksCommon.cpp">
      <Filter>DisplayHacks</Filter>
    </ClCompile>
    <ClCompile Include="src\RKABoxHack.cpp">
      <Filter>DisplayHacks</Filter>
    </ClCompile>
    <ClCompile Include="src\SonicHackSuite.cpp">
      <Filter>DisplayHacks</Filter>
    </ClCompile>
    <ClCompile Include="src\AVIWrite.cpp">
      <Filter>C/C++ Sources</Filter>
    </ClCompile>
    <ClCompile Include="dependencies\mp3_dec\common.c">
      <Filter>C/C++ Sources\mp3_dec_c</Filter>
    </ClCompile>
    <ClCompile Include="dependencies\mp3_dec\dct64_i386.c">
      <Filter>C/C++ Sources\mp3_dec_c</Filter>
    </ClCompile>
    <ClCompile Include="dependencies\mp3_dec\decode_i386.c">
      <Filter>C/C++ Sources\mp3_dec_c</Filter>
    </ClCompile>
    <ClCompile Include="dependencies\mp3_dec\interface.c">
      <Filter>C/C++ Sources\mp3_dec_c</Filter>
    </ClCompile>
    <ClCompile Include="dependencies\mp3_dec\layer3.c">
      <Filter>C/C++ Sources\mp3_dec_c</Filter>
    </ClCompile>
    <ClCompile Include="dependencies\mp3_dec\tabinit.c">
      <Filter>C/C++ Sources\mp3_dec_c</Filter>
    </ClCompile>
    <ClCompile Include="dependencies\lua\src\lapi.c">
      <Filter>LibLua</Filter>
    </ClCompile>
    <ClCompile Include="dependencies\lua\src\lauxlib.c">
      <Filter>LibLua</Filter>
    </ClCompile>
    <ClCompile Include="dependencies\lua\src\lbaselib.c">
      <Filter>LibLua</Filter>
    </ClCompile>
    <ClCompile Include="dependencies\lua\src\lcode.c">
      <Filter>LibLua</Filter>
    </ClCompile>
    <ClCompile Include="dependencies\lua\src\ldblib.c">
      <Filter>LibLua</Filter>
    </ClCompile>
    <ClCompile Include="dependencies\lua\src\ldebug.c">
      <Filter>LibLua</Filter>
    </ClCompile>
    <ClCompile Include="dependencies\lua\src\ldo.c">
      <Filter>LibLua</Filter>
    </ClCompile>
    <ClCompile Include="dependencies\lua\src\ldump.c">
      <Filter>LibLua</Filter>
    </ClCompile>
    <ClCompile Include="dependencies\lua\src\lfunc.c">
      <Filter>LibLua</Filter>
    </ClCompile>
    <ClCompile Include="dependencies\lua\src\lgc.c">
      <Filter>LibLua</Filter>
    </ClCompile>
    <ClCompile Include="dependencies\lua\src\linit.c">
      <Filter>LibLua</Filter>
    </ClCompile>
    <ClCompile Include="dependencies\lua\src\liolib.c">
      <Filter>LibLua</Filter>
    </ClCompile>
    <ClCompile Include="dependencies\lua\src\llex.c">
      <Filter>LibLua</Filter>
    </ClCompile>
    <ClCompile Include="dependencies\lua\src\lmathlib.c">
      <Filter>LibLua</Filter>
    </ClCompile>
    <ClCompile Include="dependencies\lua\src\lmem.c">
      <Filter>LibLua</Filter>
    </ClCompile>
    <ClCompile Include="dependencies\lua\src\loadlib.c">
      <Filter>LibLua</Filter>
    </ClCompile>
    <ClCompile Include="dependencies\lua\src\lobject.c">
      <Filter>LibLua</Filter>
    </ClCompile>
    <ClCompile Include="dependencies\lua\src\lopcodes.c">
      <Filter>LibLua</Filter>
    </ClCompile>
    <ClCompile Include="dependencies\lua\src\loslib.c">
      <Filter>LibLua</Filter>
    </ClCompile>
    <ClCompile Include="dependencies\lua\src\lparser.c">
      <Filter>LibLua</Filter>
    </ClCompile>
    <ClCompile Include="dependencies\lua\src\lstate.c">
      <Filter>LibLua</Filter>
    </ClCompile>
    <ClCompile Include="dependencies\lua\src\lstring.c">
      <Filter>LibLua</Filter>
    </ClCompile>
    <ClCompile Include="dependencies\lua\src\lstrlib.c">
      <Filter>LibLua</Filter>
    </ClCompile>
    <ClCompile Include="dependencies\lua\src\ltable.c">
      <Filter>LibLua</Filter>
    </ClCompile>
    <ClCompile Include="dependencies\lua\src\ltablib.c">
      <Filter>LibLua</Filter>
    </ClCompile>
    <ClCompile Include="dependencies\lua\src\ltm.c">
      <Filter>LibLua</Filter>
    </ClCompile>
    <ClCompile Include="dependencies\lua\src\lundump.c">
      <Filter>LibLua</Filter>
    </ClCompile>
    <ClCompile Include="dependencies\lua\src\lvm.c">
      <Filter>LibLua</Filter>
    </ClCompile>
    <ClCompile Include="dependencies\lua\src\lzio.c">
      <Filter>LibLua</Filter>
    </ClCompile>
    <ClCompile Include="src\hexeditor.cpp">
      <Filter>C/C++ Sources</Filter>
    </ClCompile>
  </ItemGroup>
  <ItemGroup>
    <None Include="gens.ico">
      <Filter>resources\icon</Filter>
    </None>
    <None Include="resource\Gens2.ico">
      <Filter>resources\icon</Filter>
    </None>
    <None Include="resource\lua.ico">
      <Filter>resources\icon</Filter>
    </None>
    <None Include="resource\sonic.ico">
      <Filter>resources\icon</Filter>
    </None>
    <None Include="resource\bitmap1.bmp">
      <Filter>resources\bitmap</Filter>
    </None>
    <None Include="resource\bmp00000.bmp">
      <Filter>resources\bitmap</Filter>
    </None>
    <None Include="resource\bmp00001.bmp">
      <Filter>resources\bitmap</Filter>
    </None>
    <None Include="resource\bmp00002.bmp">
      <Filter>resources\bitmap</Filter>
    </None>
    <None Include="resource\bmp00003.bmp">
      <Filter>resources\bitmap</Filter>
    </None>
    <None Include="resource\bmp00004.bmp">
      <Filter>resources\bitmap</Filter>
    </None>
    <None Include="resource\bmp00005.bmp">
      <Filter>resources\bitmap</Filter>
    </None>
    <None Include="resource\bmp00006.bmp">
      <Filter>resources\bitmap</Filter>
    </None>
    <None Include="resource\bmp00007.bmp">
      <Filter>resources\bitmap</Filter>
    </None>
    <None Include="resource\gens_big.bmp">
      <Filter>resources\bitmap</Filter>
    </None>
    <None Include="resource\gens_small.bmp">
      <Filter>resources\bitmap</Filter>
    </None>
    <None Include="src\Mem_M68K_32X.inc">
      <Filter>ASM Sources</Filter>
    </None>
    <None Include="src\Mem_M68K_CD.inc">
      <Filter>ASM Sources</Filter>
    </None>
    <None Include="src\SH2_IO.inc">
      <Filter>ASM Sources</Filter>
    </None>
  </ItemGroup>
  <ItemGroup>
    <ClInclude Include="src\EccoBoxHack.h">
      <Filter>DisplayHacks</Filter>
    </ClInclude>
    <ClInclude Include="src\hackdefs.h">
      <Filter>DisplayHacks</Filter>
    </ClInclude>
    <ClInclude Include="src\HacksCommon.h">
      <Filter>DisplayHacks</Filter>
    </ClInclude>
    <ClInclude Include="src\RKABoxHack.h">
      <Filter>DisplayHacks</Filter>
    </ClInclude>
    <ClInclude Include="src\SonicHackSuite.h">
      <Filter>DisplayHacks</Filter>
    </ClInclude>
    <ClInclude Include="src\7zip.h">
      <Filter>Headers</Filter>
    </ClInclude>
    <ClInclude Include="src\7zipstreams.h">
      <Filter>Headers</Filter>
    </ClInclude>
    <ClInclude Include="src\AVIWrite.h">
      <Filter>Headers</Filter>
    </ClInclude>
    <ClInclude Include="src\base64.h">
      <Filter>Headers</Filter>
    </ClInclude>
    <ClInclude Include="src\blit.h">
      <Filter>Headers</Filter>
    </ClInclude>
    <ClInclude Include="src\CCnet.h">
      <Filter>Headers</Filter>
    </ClInclude>
    <ClInclude Include="src\cd_aspi.h">
      <Filter>Headers</Filter>
    </ClInclude>
    <ClInclude Include="src\cd_file.h">
      <Filter>Headers</Filter>
    </ClInclude>
    <ClInclude Include="src\Cd_sys.h">
      <Filter>Headers</Filter>
    </ClInclude>
    <ClInclude Include="src\cdda_mp3.h">
      <Filter>Headers</Filter>
    </ClInclude>
    <ClInclude Include="src\Corehooks.h">
      <Filter>Headers</Filter>
    </ClInclude>
    <ClInclude Include="src\Cpu_68k.h">
      <Filter>Headers</Filter>
    </ClInclude>
    <ClInclude Include="src\Cpu_SH2.h">
      <Filter>Headers</Filter>
    </ClInclude>
    <ClInclude Include="src\Cpu_Z80.h">
      <Filter>Headers</Filter>
    </ClInclude>
    <ClInclude Include="src\Debug.h">
      <Filter>Headers</Filter>
    </ClInclude>
    <ClInclude Include="src\drawutil.h">
      <Filter>Headers</Filter>
    </ClInclude>
    <ClInclude Include="src\G_ddraw.h">
      <Filter>Headers</Filter>
    </ClInclude>
    <ClInclude Include="src\G_dsound.h">
      <Filter>Headers</Filter>
    </ClInclude>
    <ClInclude Include="src\G_Input.h">
      <Filter>Headers</Filter>
    </ClInclude>
    <ClInclude Include="src\G_main.h">
      <Filter>Headers</Filter>
    </ClInclude>
    <ClInclude Include="src\gens.h">
      <Filter>Headers</Filter>
    </ClInclude>
    <ClInclude Include="src\gfx_cd.h">
      <Filter>Headers</Filter>
    </ClInclude>
    <ClInclude Include="src\ggenie.h">
      <Filter>Headers</Filter>
    </ClInclude>
    <ClInclude Include="src\gm2_structs.h">
      <Filter>Headers</Filter>
    </ClInclude>
    <ClInclude Include="src\guidraw.h">
      <Filter>Headers</Filter>
    </ClInclude>
    <ClInclude Include="src\htmlhelp.h">
      <Filter>Headers</Filter>
    </ClInclude>
    <ClInclude Include="src\io.h">
      <Filter>Headers</Filter>
    </ClInclude>
    <ClInclude Include="src\kailleraclient.h">
      <Filter>Headers</Filter>
    </ClInclude>
    <ClInclude Include="src\keycode.h">
      <Filter>Headers</Filter>
    </ClInclude>
    <ClInclude Include="src\LC89510.h">
      <Filter>Headers</Filter>
    </ClInclude>
    <ClInclude Include="src\luascript.h">
      <Filter>Headers</Filter>
    </ClInclude>
    <ClInclude Include="src\M68KD.h">
      <Filter>Headers</Filter>
    </ClInclude>
    <ClInclude Include="src\Mem_M68k.h">
      <Filter>Headers</Filter>
    </ClInclude>
    <ClInclude Include="src\Mem_S68k.h">
      <Filter>Headers</Filter>
    </ClInclude>
    <ClInclude Include="src\Mem_SH2.h">
      <Filter>Headers</Filter>
    </ClInclude>
    <ClInclude Include="src\Mem_Z80.h">
      <Filter>Headers</Filter>
    </ClInclude>
    <ClInclude Include="src\Misc.h">
      <Filter>Headers</Filter>
    </ClInclude>
    <ClInclude Include="src\movie.h">
      <Filter>Headers</Filter>
    </ClInclude>
    <ClInclude Include="src\moviegfx.h">
      <Filter>Headers</Filter>
    </ClInclude>
    <ClInclude Include="src\net.h">
      <Filter>Headers</Filter>
    </ClInclude>
    <ClInclude Include="src\OpenArchive.h">
      <Filter>Headers</Filter>
    </ClInclude>
    <ClInclude Include="src\ParseCmdLine.h">
      <Filter>Headers</Filter>
    </ClInclude>
    <ClInclude Include="src\pcm.h">
      <Filter>Headers</Filter>
    </ClInclude>
    <ClInclude Include="src\png.h">
      <Filter>Headers</Filter>
    </ClInclude>
    <ClInclude Include="src\psg.h">
      <Filter>Headers</Filter>
    </ClInclude>
    <ClInclude Include="src\pwm.h">
      <Filter>Headers</Filter>
    </ClInclude>
    <ClInclude Include="src\ram_search.h">
      <Filter>Headers</Filter>
    </ClInclude>
    <ClInclude Include="src\ramwatch.h">
      <Filter>Headers</Filter>
    </ClInclude>
    <ClInclude Include="src\Rom.h">
      <Filter>Headers</Filter>
    </ClInclude>
    <ClInclude Include="src\save.h">
      <Filter>Headers</Filter>
    </ClInclude>
    <ClInclude Include="src\scrshot.h">
      <Filter>Headers</Filter>
    </ClInclude>
    <ClInclude Include="src\SH2.h">
      <Filter>Headers</Filter>
    </ClInclude>
    <ClInclude Include="src\SH2D.h">
      <Filter>Headers</Filter>
    </ClInclude>
    <ClInclude Include="src\Star_68k.h">
      <Filter>Headers</Filter>
    </ClInclude>
    <ClInclude Include="src\tracer.h">
      <Filter>Headers</Filter>
    </ClInclude>
    <ClInclude Include="src\unzip.h">
      <Filter>Headers</Filter>
    </ClInclude>
    <ClInclude Include="src\vdp_32X.h">
      <Filter>Headers</Filter>
    </ClInclude>
    <ClInclude Include="src\vdp_io.h">
      <Filter>Headers</Filter>
    </ClInclude>
    <ClInclude Include="src\vdp_rend.h">
      <Filter>Headers</Filter>
    </ClInclude>
    <ClInclude Include="src\wave.h">
      <Filter>Headers</Filter>
    </ClInclude>
    <ClInclude Include="src\ym2612.h">
      <Filter>Headers</Filter>
    </ClInclude>
    <ClInclude Include="src\z80.h">
      <Filter>Headers</Filter>
    </ClInclude>
    <ClInclude Include="src\z80dis.h">
      <Filter>Headers</Filter>
    </ClInclude>
    <ClInclude Include="src\zconf.h">
      <Filter>Headers</Filter>
    </ClInclude>
    <ClInclude Include="src\zlib.h">
      <Filter>Headers</Filter>
    </ClInclude>
    <ClInclude Include="src\resource.h">
      <Filter>resources</Filter>
    </ClInclude>
    <ClInclude Include="dependencies\mp3_dec\huffman.h">
      <Filter>Headers\mp3_dec_h</Filter>
    </ClInclude>
    <ClInclude Include="dependencies\mp3_dec\mpg123.h">
      <Filter>Headers\mp3_dec_h</Filter>
    </ClInclude>
    <ClInclude Include="dependencies\mp3_dec\mpglib.h">
      <Filter>Headers\mp3_dec_h</Filter>
    </ClInclude>
    <ClInclude Include="dependencies\lua\src\lapi.h">
      <Filter>LibLua</Filter>
    </ClInclude>
    <ClInclude Include="dependencies\lua\src\lauxlib.h">
      <Filter>LibLua</Filter>
    </ClInclude>
    <ClInclude Include="dependencies\lua\src\lcode.h">
      <Filter>LibLua</Filter>
    </ClInclude>
    <ClInclude Include="dependencies\lua\src\ldebug.h">
      <Filter>LibLua</Filter>
    </ClInclude>
    <ClInclude Include="dependencies\lua\src\ldo.h">
      <Filter>LibLua</Filter>
    </ClInclude>
    <ClInclude Include="dependencies\lua\src\lfunc.h">
      <Filter>LibLua</Filter>
    </ClInclude>
    <ClInclude Include="dependencies\lua\src\lgc.h">
      <Filter>LibLua</Filter>
    </ClInclude>
    <ClInclude Include="dependencies\lua\src\llex.h">
      <Filter>LibLua</Filter>
    </ClInclude>
    <ClInclude Include="dependencies\lua\src\llimits.h">
      <Filter>LibLua</Filter>
    </ClInclude>
    <ClInclude Include="dependencies\lua\src\lmem.h">
      <Filter>LibLua</Filter>
    </ClInclude>
    <ClInclude Include="dependencies\lua\src\lobject.h">
      <Filter>LibLua</Filter>
    </ClInclude>
    <ClInclude Include="dependencies\lua\src\lopcodes.h">
      <Filter>LibLua</Filter>
    </ClInclude>
    <ClInclude Include="dependencies\lua\src\lparser.h">
      <Filter>LibLua</Filter>
    </ClInclude>
    <ClInclude Include="dependencies\lua\src\lstate.h">
      <Filter>LibLua</Filter>
    </ClInclude>
    <ClInclude Include="dependencies\lua\src\lstring.h">
      <Filter>LibLua</Filter>
    </ClInclude>
    <ClInclude Include="dependencies\lua\src\ltable.h">
      <Filter>LibLua</Filter>
    </ClInclude>
    <ClInclude Include="dependencies\lua\src\ltm.h">
      <Filter>LibLua</Filter>
    </ClInclude>
    <ClInclude Include="dependencies\lua\src\lua.h">
      <Filter>LibLua</Filter>
    </ClInclude>
    <ClInclude Include="dependencies\lua\src\luaconf.h">
      <Filter>LibLua</Filter>
    </ClInclude>
    <ClInclude Include="dependencies\lua\src\lualib.h">
      <Filter>LibLua</Filter>
    </ClInclude>
    <ClInclude Include="dependencies\lua\src\lundump.h">
      <Filter>LibLua</Filter>
    </ClInclude>
    <ClInclude Include="dependencies\lua\src\lvm.h">
      <Filter>LibLua</Filter>
    </ClInclude>
    <ClInclude Include="dependencies\lua\src\lzio.h">
      <Filter>LibLua</Filter>
    </ClInclude>
    <ClInclude Include="src\hexeditor.h">
      <Filter>Headers</Filter>
    </ClInclude>
  </ItemGroup>
  <ItemGroup>
    <CustomBuild Include="Starscream\Main68k\main68k.asm">
      <Filter>ASM Sources</Filter>
    </CustomBuild>
    <CustomBuild Include="Starscream\Sub68k\sub68k.asm">
      <Filter>ASM Sources</Filter>
    </CustomBuild>
    <CustomBuild Include="src\blit.asm">
      <Filter>ASM Sources</Filter>
    </CustomBuild>
    <CustomBuild Include="src\gfx_cd.asm">
      <Filter>ASM Sources</Filter>
    </CustomBuild>
    <CustomBuild Include="src\io.asm">
      <Filter>ASM Sources</Filter>
    </CustomBuild>
    <CustomBuild Include="src\Mem_M68k.asm">
      <Filter>ASM Sources</Filter>
    </CustomBuild>
    <CustomBuild Include="src\Mem_S68k.asm">
      <Filter>ASM Sources</Filter>
    </CustomBuild>
    <CustomBuild Include="src\Mem_SH2.asm">
      <Filter>ASM Sources</Filter>
    </CustomBuild>
    <CustomBuild Include="src\Mem_Z80.asm">
      <Filter>ASM Sources</Filter>
    </CustomBuild>
    <CustomBuild Include="src\Misc.asm">
      <Filter>ASM Sources</Filter>
    </CustomBuild>
    <CustomBuild Include="src\pwm.asm">
      <Filter>ASM Sources</Filter>
    </CustomBuild>
    <CustomBuild Include="src\SH2a.asm">
      <Filter>ASM Sources</Filter>
    </CustomBuild>
    <CustomBuild Include="src\vdp_32X.asm">
      <Filter>ASM Sources</Filter>
    </CustomBuild>
    <CustomBuild Include="src\vdp_io.asm">
      <Filter>ASM Sources</Filter>
    </CustomBuild>
    <CustomBuild Include="src\vdp_rend.asm">
      <Filter>ASM Sources</Filter>
    </CustomBuild>
    <CustomBuild Include="src\z80.asm">
      <Filter>ASM Sources</Filter>
    </CustomBuild>
  </ItemGroup>
  <ItemGroup>
    <ResourceCompile Include="src\Gens.rc">
      <Filter>resources</Filter>
    </ResourceCompile>
  </ItemGroup>
</Project>